# THIS IS AN AUTOGENERATED FILE. DO NOT EDIT THIS FILE DIRECTLY.
# yarn lockfile v1


"@esbuild/android-arm64@0.16.4":
  version "0.16.4"
  resolved "https://registry.yarnpkg.com/@esbuild/android-arm64/-/android-arm64-0.16.4.tgz#4b31b9e3da2e4c12a8170bd682f713c775f68ab1"
  integrity sha512-VPuTzXFm/m2fcGfN6CiwZTlLzxrKsWbPkG7ArRFpuxyaHUm/XFHQPD4xNwZT6uUmpIHhnSjcaCmcla8COzmZ5Q==

"@esbuild/android-arm@0.16.4":
  version "0.16.4"
  resolved "https://registry.yarnpkg.com/@esbuild/android-arm/-/android-arm-0.16.4.tgz#057d3e8b0ee41ff59386c33ba6dcf20f4bedd1f7"
  integrity sha512-rZzb7r22m20S1S7ufIc6DC6W659yxoOrl7sKP1nCYhuvUlnCFHVSbATG4keGUtV8rDz11sRRDbWkvQZpzPaHiw==

"@esbuild/android-x64@0.16.4":
  version "0.16.4"
  resolved "https://registry.yarnpkg.com/@esbuild/android-x64/-/android-x64-0.16.4.tgz#62ccab8ac1d3e6ef1df3fa2e1974bc2b8528d74a"
  integrity sha512-MW+B2O++BkcOfMWmuHXB15/l1i7wXhJFqbJhp82IBOais8RBEQv2vQz/jHrDEHaY2X0QY7Wfw86SBL2PbVOr0g==

"@esbuild/darwin-arm64@0.16.4":
  version "0.16.4"
  resolved "https://registry.yarnpkg.com/@esbuild/darwin-arm64/-/darwin-arm64-0.16.4.tgz#c19a6489d626c36fc611c85ccd8a3333c1f2a930"
  integrity sha512-a28X1O//aOfxwJVZVs7ZfM8Tyih2Za4nKJrBwW5Wm4yKsnwBy9aiS/xwpxiiTRttw3EaTg4Srerhcm6z0bu9Wg==

"@esbuild/darwin-x64@0.16.4":
  version "0.16.4"
  resolved "https://registry.yarnpkg.com/@esbuild/darwin-x64/-/darwin-x64-0.16.4.tgz#b726bbc84a1e277f6ec2509d10b8ee03f242b776"
  integrity sha512-e3doCr6Ecfwd7VzlaQqEPrnbvvPjE9uoTpxG5pyLzr2rI2NMjDHmvY1E5EO81O/e9TUOLLkXA5m6T8lfjK9yAA==

"@esbuild/freebsd-arm64@0.16.4":
  version "0.16.4"
  resolved "https://registry.yarnpkg.com/@esbuild/freebsd-arm64/-/freebsd-arm64-0.16.4.tgz#364568e6ca2901297f247de0681c9b14bbe658c8"
  integrity sha512-Oup3G/QxBgvvqnXWrBed7xxkFNwAwJVHZcklWyQt7YCAL5bfUkaa6FVWnR78rNQiM8MqqLiT6ZTZSdUFuVIg1w==

"@esbuild/freebsd-x64@0.16.4":
  version "0.16.4"
  resolved "https://registry.yarnpkg.com/@esbuild/freebsd-x64/-/freebsd-x64-0.16.4.tgz#44701ba4a5497ba64eec0a6c9e221d8f46a25e72"
  integrity sha512-vAP+eYOxlN/Bpo/TZmzEQapNS8W1njECrqkTpNgvXskkkJC2AwOXwZWai/Kc2vEFZUXQttx6UJbj9grqjD/+9Q==

"@esbuild/linux-arm64@0.16.4":
  version "0.16.4"
  resolved "https://registry.yarnpkg.com/@esbuild/linux-arm64/-/linux-arm64-0.16.4.tgz#b58fb418ec9ac714d8dbb38c787ff2441eb1d9db"
  integrity sha512-2zXoBhv4r5pZiyjBKrOdFP4CXOChxXiYD50LRUU+65DkdS5niPFHbboKZd/c81l0ezpw7AQnHeoCy5hFrzzs4g==

"@esbuild/linux-arm@0.16.4":
  version "0.16.4"
  resolved "https://registry.yarnpkg.com/@esbuild/linux-arm/-/linux-arm-0.16.4.tgz#b37f15ecddb53eeea466e5960e31a58f33e0e87e"
  integrity sha512-A47ZmtpIPyERxkSvIv+zLd6kNIOtJH03XA0Hy7jaceRDdQaQVGSDt4mZqpWqJYgDk9rg96aglbF6kCRvPGDSUA==

"@esbuild/linux-ia32@0.16.4":
  version "0.16.4"
  resolved "https://registry.yarnpkg.com/@esbuild/linux-ia32/-/linux-ia32-0.16.4.tgz#117e32a9680b5deac184ebee122f8575369fad1b"
  integrity sha512-uxdSrpe9wFhz4yBwt2kl2TxS/NWEINYBUFIxQtaEVtglm1eECvsj1vEKI0KX2k2wCe17zDdQ3v+jVxfwVfvvjw==

"@esbuild/linux-loong64@0.16.4":
  version "0.16.4"
  resolved "https://registry.yarnpkg.com/@esbuild/linux-loong64/-/linux-loong64-0.16.4.tgz#dd504fb83c280752d4b485d9acb3cf391cb7bf5b"
  integrity sha512-peDrrUuxbZ9Jw+DwLCh/9xmZAk0p0K1iY5d2IcwmnN+B87xw7kujOkig6ZRcZqgrXgeRGurRHn0ENMAjjD5DEg==

"@esbuild/linux-mips64el@0.16.4":
  version "0.16.4"
  resolved "https://registry.yarnpkg.com/@esbuild/linux-mips64el/-/linux-mips64el-0.16.4.tgz#9ab77e31cf3be1e35572afff94b51df8149d15bd"
  integrity sha512-sD9EEUoGtVhFjjsauWjflZklTNr57KdQ6xfloO4yH1u7vNQlOfAlhEzbyBKfgbJlW7rwXYBdl5/NcZ+Mg2XhQA==

"@esbuild/linux-ppc64@0.16.4":
  version "0.16.4"
  resolved "https://registry.yarnpkg.com/@esbuild/linux-ppc64/-/linux-ppc64-0.16.4.tgz#69d56c2a960808bee1c7b9b84a115220ec9ce05c"
  integrity sha512-X1HSqHUX9D+d0l6/nIh4ZZJ94eQky8d8z6yxAptpZE3FxCWYWvTDd9X9ST84MGZEJx04VYUD/AGgciddwO0b8g==

"@esbuild/linux-riscv64@0.16.4":
  version "0.16.4"
  resolved "https://registry.yarnpkg.com/@esbuild/linux-riscv64/-/linux-riscv64-0.16.4.tgz#9fc23583f4a1508a8d352bd376340e42217e8a90"
  integrity sha512-97ANpzyNp0GTXCt6SRdIx1ngwncpkV/z453ZuxbnBROCJ5p/55UjhbaG23UdHj88fGWLKPFtMoU4CBacz4j9FA==

"@esbuild/linux-s390x@0.16.4":
  version "0.16.4"
  resolved "https://registry.yarnpkg.com/@esbuild/linux-s390x/-/linux-s390x-0.16.4.tgz#4cae1f70ac2943f076dd130c3c80d28f57bf75d1"
  integrity sha512-pUvPQLPmbEeJRPjP0DYTC1vjHyhrnCklQmCGYbipkep+oyfTn7GTBJXoPodR7ZS5upmEyc8lzAkn2o29wD786A==

"@esbuild/linux-x64@0.16.4":
  version "0.16.4"
  resolved "https://registry.yarnpkg.com/@esbuild/linux-x64/-/linux-x64-0.16.4.tgz#fdf494de07cda23a2dc4b71ff1e0848e4ee6539c"
  integrity sha512-N55Q0mJs3Sl8+utPRPBrL6NLYZKBCLLx0bme/+RbjvMforTGGzFvsRl4xLTZMUBFC1poDzBEPTEu5nxizQ9Nlw==

"@esbuild/netbsd-x64@0.16.4":
  version "0.16.4"
  resolved "https://registry.yarnpkg.com/@esbuild/netbsd-x64/-/netbsd-x64-0.16.4.tgz#b59ecb49087119c575c0f64d7e66001d52799e24"
  integrity sha512-LHSJLit8jCObEQNYkgsDYBh2JrJT53oJO2HVdkSYLa6+zuLJh0lAr06brXIkljrlI+N7NNW1IAXGn/6IZPi3YQ==

"@esbuild/openbsd-x64@0.16.4":
  version "0.16.4"
  resolved "https://registry.yarnpkg.com/@esbuild/openbsd-x64/-/openbsd-x64-0.16.4.tgz#c51e36db875948b7b11d08bafa355605a1aa289c"
  integrity sha512-nLgdc6tWEhcCFg/WVFaUxHcPK3AP/bh+KEwKtl69Ay5IBqUwKDaq/6Xk0E+fh/FGjnLwqFSsarsbPHeKM8t8Sw==

"@esbuild/sunos-x64@0.16.4":
  version "0.16.4"
  resolved "https://registry.yarnpkg.com/@esbuild/sunos-x64/-/sunos-x64-0.16.4.tgz#0b50e941cd44f069e9f2573321aec984244ec228"
  integrity sha512-08SluG24GjPO3tXKk95/85n9kpyZtXCVwURR2i4myhrOfi3jspClV0xQQ0W0PYWHioJj+LejFMt41q+PG3mlAQ==

"@esbuild/win32-arm64@0.16.4":
  version "0.16.4"
  resolved "https://registry.yarnpkg.com/@esbuild/win32-arm64/-/win32-arm64-0.16.4.tgz#d1c93b20f17355ab2221cd18e13ae2f1b68013e3"
  integrity sha512-yYiRDQcqLYQSvNQcBKN7XogbrSvBE45FEQdH8fuXPl7cngzkCvpsG2H9Uey39IjQ6gqqc+Q4VXYHsQcKW0OMjQ==

"@esbuild/win32-ia32@0.16.4":
  version "0.16.4"
  resolved "https://registry.yarnpkg.com/@esbuild/win32-ia32/-/win32-ia32-0.16.4.tgz#df5910e76660e0acbbdceb8d4ae6bf1efeade6ae"
  integrity sha512-5rabnGIqexekYkh9zXG5waotq8mrdlRoBqAktjx2W3kb0zsI83mdCwrcAeKYirnUaTGztR5TxXcXmQrEzny83w==

"@esbuild/win32-x64@0.16.4":
  version "0.16.4"
  resolved "https://registry.yarnpkg.com/@esbuild/win32-x64/-/win32-x64-0.16.4.tgz#6ec594468610c176933da1387c609558371d37e0"
  integrity sha512-sN/I8FMPtmtT2Yw+Dly8Ur5vQ5a/RmC8hW7jO9PtPSQUPkowxWpcUZnqOggU7VwyT3Xkj6vcXWd3V/qTXwultQ==

"@pixi/accessibility@7.0.4":
  version "7.0.4"
  resolved "https://registry.yarnpkg.com/@pixi/accessibility/-/accessibility-7.0.4.tgz#edf5f7f62f881b856691fb56c0eca14985866a6d"
  integrity sha512-ExwRleeR1uWAOsbMg1bshh7OwYsnecIRpxdtkSYcxcCkk0ZNyjm6Z4WrQ3B170DpGMUy/5cZa6WnVok0a2OxMA==

"@pixi/app@7.0.4":
  version "7.0.4"
  resolved "https://registry.yarnpkg.com/@pixi/app/-/app-7.0.4.tgz#0503f0add67c47875f19526e4cca388a2d5aecec"
  integrity sha512-HXQHcLFNKm1d1IY0i2VigwgVxLO0ODS29TPhQv4m1q/w7FbgW2dWa0oDQS0ei0Bl/tlExd296YSrGfnbfw4Ypw==

"@pixi/assets@7.0.4":
  version "7.0.4"
  resolved "https://registry.yarnpkg.com/@pixi/assets/-/assets-7.0.4.tgz#a24febfc3957495f91a0dc575e05c3a7e50fc296"
  integrity sha512-SsF8oVY3FTBP5sy2KkrmYhlN3NNQSKdo+pttqWzuNA0bfl431q/6dytSYTWOHkKwhk5n+eAIZflQVuBht4X4aA==
  dependencies:
    "@types/css-font-loading-module" "^0.0.7"

"@pixi/compressed-textures@7.0.4":
  version "7.0.4"
  resolved "https://registry.yarnpkg.com/@pixi/compressed-textures/-/compressed-textures-7.0.4.tgz#a357eb9f57739c755917c88969dce0daef315753"
  integrity sha512-N04PAsvRqGL1WhFmr3A+qCWAlJuJOxMr04w3eLY+gD9a5fQjB8XYgeeEOuz/hJ+qWRFhGwhYUo2F0MrQg5d24Q==

"@pixi/constants@7.0.4":
  version "7.0.4"
  resolved "https://registry.yarnpkg.com/@pixi/constants/-/constants-7.0.4.tgz#6910b5b852e0e13b4c686ed2837f614305cddbe9"
  integrity sha512-HS8fvDZ4jn7jeEPeYfrB0bPSLW6yfVWxQwXUX6BAQOhpEZXlPpa3uKwl+wxhVh+9OGXBvlMcbxZTPEDMdB6xJQ==

"@pixi/core@7.0.4":
  version "7.0.4"
  resolved "https://registry.yarnpkg.com/@pixi/core/-/core-7.0.4.tgz#a9fd4cfbf5b807af0774b4ce5528c38ae070a5b8"
  integrity sha512-tM0Cz8r9EFivBoGnYQ1043of9Qp4Usr7YQ0vK29rF2HInNannrTFO2F/tXBoClRsCJUw0Y2R8C4n06tAovGiWg==
  dependencies:
    "@pixi/constants" "7.0.4"
    "@pixi/extensions" "7.0.4"
    "@pixi/math" "7.0.4"
    "@pixi/runner" "7.0.4"
    "@pixi/settings" "7.0.4"
    "@pixi/ticker" "7.0.4"
    "@pixi/utils" "7.0.4"
    "@types/offscreencanvas" "^2019.6.4"

"@pixi/display@7.0.4":
  version "7.0.4"
  resolved "https://registry.yarnpkg.com/@pixi/display/-/display-7.0.4.tgz#8e8babb98ec20c4b74f81652fc4977ae6ff99037"
  integrity sha512-mYz1j+bIOqDdd3tR7/B6hhCgfY1fvkGsCcespW3y8i3dHBgcO/PFggmpy3Op4yx/b2f8w4HkCm8ssvwx585kxg==

"@pixi/events@7.0.4":
  version "7.0.4"
  resolved "https://registry.yarnpkg.com/@pixi/events/-/events-7.0.4.tgz#1c5c64036960283201b6f9a2a9764bf6f5592a6d"
  integrity sha512-EQyEeo8ajsHgvDY9MqnI8V6D+/9cJDZZvjDAAMVeVs5W3aJ05LcWEXRRL9CnlwLld0qfuv2eFbeHznl0yMVXXg==

"@pixi/extensions@7.0.4":
  version "7.0.4"
  resolved "https://registry.yarnpkg.com/@pixi/extensions/-/extensions-7.0.4.tgz#f52d75d9e0a056313fd6f2d9fc11616b1adbc742"
  integrity sha512-NRwQ+R1nctH98u0h4mUTwYsqC72t7MakUPgJ8b51HslMAHerfqhymntX/E4f3pFuulSWAnsbR5sEVAee9b1XDw==

"@pixi/extract@7.0.4":
  version "7.0.4"
  resolved "https://registry.yarnpkg.com/@pixi/extract/-/extract-7.0.4.tgz#b8c511b02c568dd712f406f135d635f23ff0fdcf"
  integrity sha512-fchsSpkxHDQBKlQHwF0bVH69ZhI1Z+2rRoZn6ninAMU9QrliUSotrQDrq9Oh0kJAQUmBaQClnEM9IFDzIHwV2A==

"@pixi/filter-alpha@7.0.4":
  version "7.0.4"
  resolved "https://registry.yarnpkg.com/@pixi/filter-alpha/-/filter-alpha-7.0.4.tgz#8b4b75e0b6269d1d5bbc4188222bb35d9d3dcc6b"
  integrity sha512-IgBLVZQVryGVVAEvcrmj13VYnSBS57z6eRKi4QPjrpAzv1G4dP1nJSgT8HQjn18OF/UN7dfxt21Y3fsG7o+y/Q==

"@pixi/filter-blur@7.0.4":
  version "7.0.4"
  resolved "https://registry.yarnpkg.com/@pixi/filter-blur/-/filter-blur-7.0.4.tgz#5d60129a4d114df4ed308250fdc1bc1ee536ccb7"
  integrity sha512-zzgDN9ipooPNbLm3CbtqL+/rN92Gml0oOYWUDy7qulTlHDCXw8BRZ6RnWnY6KBZS3LzuSIGv0GLXYdeBGnY+6w==

"@pixi/filter-color-matrix@7.0.4":
  version "7.0.4"
  resolved "https://registry.yarnpkg.com/@pixi/filter-color-matrix/-/filter-color-matrix-7.0.4.tgz#75ce7d9467f7effb4191016fad8303e26b5c336e"
  integrity sha512-ROT4QCTRnCm1AwE5zdU0PPK1vDrtJHNF3FSRJ+qEGgRVRoG4io6uh8AaM6PAqDpAODLp4TN45eU25Sg6Q4A/rQ==

"@pixi/filter-displacement@7.0.4":
  version "7.0.4"
  resolved "https://registry.yarnpkg.com/@pixi/filter-displacement/-/filter-displacement-7.0.4.tgz#2ae87700d022269b8ceb8e3ea97cbf769a0a19fb"
  integrity sha512-tSX78DqsjdQQmpGAFBONcO40jx/Ia4FT1KxPAN2TTzhOxjNK9mbe/wlP01Sw2t3uiKj6xKLeQS80dyKMulhrUQ==

"@pixi/filter-fxaa@7.0.4":
  version "7.0.4"
  resolved "https://registry.yarnpkg.com/@pixi/filter-fxaa/-/filter-fxaa-7.0.4.tgz#2b69a1650a14a797f7ca45147be4e5eed6ca2d1e"
  integrity sha512-wVdhDJgAbWQs+bEcZ26dNBApuDsyHqsrSkNhn4lVl7i3Hc1xm505w7aWWT/6rL9cR6S5W3ss/k6kSahbjmVBIg==

"@pixi/filter-noise@7.0.4":
  version "7.0.4"
  resolved "https://registry.yarnpkg.com/@pixi/filter-noise/-/filter-noise-7.0.4.tgz#37854f6db2e53f984239f3cdea135832cc6b6f05"
  integrity sha512-UBsBaLFV0v5KGvcDCsaRyrNZXHirFLVdGgwPbeDpiJLvyPu1bTfoxeImu+c8okKivwbho2oomXIU374KFa/BvA==

"@pixi/graphics@7.0.4":
  version "7.0.4"
  resolved "https://registry.yarnpkg.com/@pixi/graphics/-/graphics-7.0.4.tgz#09fa373be449420ad586844ec97e478ac959fee8"
  integrity sha512-k6hnScltWw1dZf6C6/cyKBEUOaddd10AMon2fJbW5a903igirarncDZEg3mrMh0Tku7vIp4o6afZ7a+p0ocptQ==

"@pixi/math@7.0.4":
  version "7.0.4"
  resolved "https://registry.yarnpkg.com/@pixi/math/-/math-7.0.4.tgz#14b96ae4c4797fd52b9e019cbd40c0fd4523ee63"
  integrity sha512-tk9PyqdNi9EB0fjpwVfR4ZPUpuy8UjBqOLwTGM3v4MpAPP6uYK76rZLPSsGpx3Pe7BldS1HDnBC4U6CbK/eebw==

"@pixi/mesh-extras@7.0.4":
  version "7.0.4"
  resolved "https://registry.yarnpkg.com/@pixi/mesh-extras/-/mesh-extras-7.0.4.tgz#03ebebbc5375b2afad2dcf295d999bd51da18875"
  integrity sha512-nTvg5T5BM1BjKWg0XrO8gxSudPmPAXRLwSjqtNzgmeSsLFN8IN+TCrUq2pb9sbU8yUrT0xqXRfctyPW2lU69ow==

"@pixi/mesh@7.0.4":
  version "7.0.4"
  resolved "https://registry.yarnpkg.com/@pixi/mesh/-/mesh-7.0.4.tgz#d03b93bb71305fabeec764058ec58ae7e1cf572d"
  integrity sha512-DIlzG6hKppYl6OucxNNyEGSQHYCa+zPckMEcb9tIW/OkxALM2NyuFCz7lDocNgWHvicsCw3cUs+R12NGSpNsvA==

"@pixi/mixin-cache-as-bitmap@7.0.4":
  version "7.0.4"
  resolved "https://registry.yarnpkg.com/@pixi/mixin-cache-as-bitmap/-/mixin-cache-as-bitmap-7.0.4.tgz#816e81b8ce1743aa1061035390189108ad6bc8b2"
  integrity sha512-ryNsgIQLWR2QkFAtiiCDvAySdZ6qwKGGGLqpVQ2/L0jN05oK8QgBjGYZWFasOe46Dk6cV0PEu8647blS2pkKHA==

"@pixi/mixin-get-child-by-name@7.0.4":
  version "7.0.4"
  resolved "https://registry.yarnpkg.com/@pixi/mixin-get-child-by-name/-/mixin-get-child-by-name-7.0.4.tgz#3533002ec7cb35854de169ae56739f71fba0af73"
  integrity sha512-XSZXkeIaxOdDeAFQd3LaGdwzy6o6xqW2YgoCU5SXbuz2IlP6Vw8wjD+Zj2Ci/l54/yrm5+Z7er7/8JoPp0hSTg==

"@pixi/mixin-get-global-position@7.0.4":
  version "7.0.4"
  resolved "https://registry.yarnpkg.com/@pixi/mixin-get-global-position/-/mixin-get-global-position-7.0.4.tgz#760d69be41f73e38a01146bd17812ab9d42ecffc"
  integrity sha512-qic8niPQpYr2yKmer6vJYmpCLIjhUl8gaYON7B2gLykyrG8KaAlnx9nP3l5oyWhJWuCGzoPebDg5VA67EOmBvA==

"@pixi/particle-container@7.0.4":
  version "7.0.4"
  resolved "https://registry.yarnpkg.com/@pixi/particle-container/-/particle-container-7.0.4.tgz#107faf78ec7dbd15aaa3b072c86ac583b2f6a692"
  integrity sha512-Njm8KUX5lCNhffc+pbNFXHZl0Lrl4QY9nctcLr3+I7yFe5O2M3jIEGnnBCKEP2L3FLKqD6YrfllYu3dIy3ts5Q==

"@pixi/prepare@7.0.4":
  version "7.0.4"
  resolved "https://registry.yarnpkg.com/@pixi/prepare/-/prepare-7.0.4.tgz#d5664665d8c2050bd72ed8be32c0867d8b194c3c"
  integrity sha512-xgM1VNQZRYsrl5ZZw67ALhn+580GqI9UO99yhmM1T3tMsLmpzy78Zpl8jmKEOFFnEGe+9TPwKU9dJnJwFywtQg==

"@pixi/runner@7.0.4":
  version "7.0.4"
  resolved "https://registry.yarnpkg.com/@pixi/runner/-/runner-7.0.4.tgz#cf1eea2307d0699aaa3be115ac27ff53c1e9d6d7"
  integrity sha512-XHtK2FyVk8sg/Uuww0SFVDUMpv0M5sj7zmTLXxgvlDuaHKimDl1d52j2w/N7y4DU8BpyAFTH3VgyTrAMsZBydw==

"@pixi/settings@7.0.4":
  version "7.0.4"
  resolved "https://registry.yarnpkg.com/@pixi/settings/-/settings-7.0.4.tgz#3a368367498d2a0530a74b0ee6f933d4b981e96e"
  integrity sha512-aEg0BYVLWVXcyUIGhnV0Gsxb/6g9nTaciKEBXm4C/7G10HgEuIrO56P/ccTPl3xcL5g6z417DcntuiNNSQ29Qg==
  dependencies:
    "@pixi/constants" "7.0.4"
    "@types/css-font-loading-module" "^0.0.7"

"@pixi/sprite-animated@7.0.4":
  version "7.0.4"
  resolved "https://registry.yarnpkg.com/@pixi/sprite-animated/-/sprite-animated-7.0.4.tgz#0a5b8fa188b666009534667657f0e8027e454a04"
  integrity sha512-cDhIg6jSkl4+U7oRnqSkoSlQ8h7GuWRt12DNlm/pMOwN6r7DjrVkbQH9cBHB3k6dZxp0SwhrLxXwtk6XoeNRPA==

"@pixi/sprite-tiling@7.0.4":
  version "7.0.4"
  resolved "https://registry.yarnpkg.com/@pixi/sprite-tiling/-/sprite-tiling-7.0.4.tgz#89e815b31dc75d498766231f3b3f7e482e81fde9"
  integrity sha512-3tzOjZr3fj7T/NfNRQP/fSaBrJvUh260rHdSlwANzc0DY8qNXprU2pEUO3YaIYWgp5ubq/Ls7XNwrWLPHZQraA==

"@pixi/sprite@7.0.4":
  version "7.0.4"
  resolved "https://registry.yarnpkg.com/@pixi/sprite/-/sprite-7.0.4.tgz#f2cabb8429dc0e784fd393d6fa5d6c275b8a8d5c"
  integrity sha512-Bj6pswIKfHdk5q0G14cBZF8XXyf0zHgUxpp53rD2+tDKf4Xm2/Uoy5p0Z1RZD6IzaFp44pKA21LYOPJrNxc1MA==

"@pixi/spritesheet@7.0.4":
  version "7.0.4"
  resolved "https://registry.yarnpkg.com/@pixi/spritesheet/-/spritesheet-7.0.4.tgz#0b55d27fb56de6045832fc3cc7893d6e1d56abff"
  integrity sha512-wWaymCrIXWVXq/tWc6mzHBs3iqiWULvApVQ/vbQTXU17O5tZFp36vmFewYVTMOJTWkRmDJg5VedPk1QmvQlL3g==

"@pixi/text-bitmap@7.0.4":
  version "7.0.4"
  resolved "https://registry.yarnpkg.com/@pixi/text-bitmap/-/text-bitmap-7.0.4.tgz#39cad5a5f3fb65ac82b9c4f2ac3053375a357d91"
  integrity sha512-Oi4pwpw11uUz9Ah/5JuXMqYjTQ/5wawXYsi1H0eayrU+w0vv8WKqvOPWjRZhixNgEsVHbwPMjYpXCecqQfg6gA==

"@pixi/text@7.0.4":
  version "7.0.4"
  resolved "https://registry.yarnpkg.com/@pixi/text/-/text-7.0.4.tgz#33749a202a357814dea826a5dff8e14d543212a8"
  integrity sha512-CaAgUNbbZ38E4+Ze1lZ2j4vtq4lWoOFprreUc+M+vshRkoS6JgxGTBO+Z9dutQzPfYaZFL7M+Q2reX5l78RU4g==

"@pixi/ticker@7.0.4":
  version "7.0.4"
  resolved "https://registry.yarnpkg.com/@pixi/ticker/-/ticker-7.0.4.tgz#211415f2d11e19cd2ef1cf49a1f5ec9ae70bc116"
  integrity sha512-0d1KjkftfJvwaVIv4h3KHYWvdHmSHt9yHgczmp9NzH+9i9sRQbmb7IK/WxFORYFfYbYrPpMVDOkrxvEAUosunw==
  dependencies:
    "@pixi/extensions" "7.0.4"
    "@pixi/settings" "7.0.4"

"@pixi/utils@7.0.4":
  version "7.0.4"
  resolved "https://registry.yarnpkg.com/@pixi/utils/-/utils-7.0.4.tgz#8292c0ad53d97a253398d53ad7365b1a3655a0fe"
  integrity sha512-fdPhfItjnwKgkb8l27zD4eCwGrSCa72kqYWEtwYayVNSh+l95krLQPZHrXR2HA7Rh97I8/4PUJBhIIcEaI962Q==
  dependencies:
    "@pixi/constants" "7.0.4"
    "@pixi/settings" "7.0.4"
    "@types/earcut" "^2.1.0"
    earcut "^2.2.4"
    eventemitter3 "^4.0.0"
    url "^0.11.0"

"@thi.ng/adjacency@^2.2.18":
  version "2.2.18"
  resolved "https://registry.yarnpkg.com/@thi.ng/adjacency/-/adjacency-2.2.18.tgz#54494004e9cacf4d469955899d8275d6049b029c"
  integrity sha512-bE8nO5kk27ePDu8bgtedaTcl0cpMlGfcyh5VkPaRfIpcuazrIK+wtdavr1mEa7bRqxQ+1d0L1pho4StgMZVXPQ==
  dependencies:
    "@thi.ng/api" "^8.5.1"
    "@thi.ng/arrays" "^2.4.4"
    "@thi.ng/bitfield" "^2.2.14"
    "@thi.ng/dcons" "^3.2.25"
    "@thi.ng/errors" "^2.2.5"
    "@thi.ng/sparse" "^0.3.30"

"@thi.ng/api@^8.5.1":
  version "8.5.1"
  resolved "https://registry.yarnpkg.com/@thi.ng/api/-/api-8.5.1.tgz#516897af32df4590af231eb1049cd3092366582c"
  integrity sha512-do3TvVxebiorZfZGGClu8kc8vcQJ0al+vRdWGXTgTKeJ/ClLQGsrShIV45TCSJndjOSrjNA4cYgbzLeFKf/CPg==

"@thi.ng/api@^8.6.0":
  version "8.6.0"
  resolved "https://registry.yarnpkg.com/@thi.ng/api/-/api-8.6.0.tgz#c10592e0e70b8432db9aae6f202be8fe6c8c7c89"
  integrity sha512-Gd30r7SEzByG+ymyrR9/Weh++Y+6e7a6+28NGf+9ja+Qje2bbqPBxpONdooyLDPb+1DjqQ3SwDLTMyHAOJcUSg==

"@thi.ng/arrays@^2.4.4":
  version "2.4.4"
  resolved "https://registry.yarnpkg.com/@thi.ng/arrays/-/arrays-2.4.4.tgz#e55cad14166ebe2fa25e5993b772816ddee8e5c3"
  integrity sha512-OE4kh394kyryrpPT0+C2vfv4KfHDzET6oDf2kGJe2bIgDHS09brnb1uRIa/MzxUfG4rLinWmX6d6uNgwBb+rqw==
  dependencies:
    "@thi.ng/api" "^8.5.1"
    "@thi.ng/checks" "^3.3.4"
    "@thi.ng/compare" "^2.1.18"
    "@thi.ng/equiv" "^2.1.14"
    "@thi.ng/errors" "^2.2.5"
    "@thi.ng/random" "^3.3.17"

"@thi.ng/arrays@^2.4.5":
  version "2.4.5"
  resolved "https://registry.yarnpkg.com/@thi.ng/arrays/-/arrays-2.4.5.tgz#b916ea633a542f7013624798fecb0b5e0039b4c1"
  integrity sha512-YFzpHIUxtetobyaFoMKGqWdaPHnCa5n7TEYpGX/Af7kN5cY7itrFW/zsjbl8lrQIpMYFRq71ItYjpmudkejR9w==
  dependencies:
    "@thi.ng/api" "^8.6.0"
    "@thi.ng/checks" "^3.3.5"
    "@thi.ng/compare" "^2.1.19"
    "@thi.ng/equiv" "^2.1.15"
    "@thi.ng/errors" "^2.2.6"
    "@thi.ng/random" "^3.3.18"

"@thi.ng/associative@^6.2.18":
  version "6.2.18"
  resolved "https://registry.yarnpkg.com/@thi.ng/associative/-/associative-6.2.18.tgz#9adc1cb3f4755154001743806d9c78718a19e403"
  integrity sha512-BnqAwmBpu9LL/Kpu19iJhpvWHeKLGtpqXUIIGgUMz1EPPJp3kQYcpjwUTCfaidr4UlZBP1PDc0j1z67Q8mbi4A==
  dependencies:
    "@thi.ng/api" "^8.5.1"
    "@thi.ng/arrays" "^2.4.4"
    "@thi.ng/binary" "^3.3.12"
    "@thi.ng/checks" "^3.3.4"
    "@thi.ng/compare" "^2.1.18"
    "@thi.ng/dcons" "^3.2.25"
    "@thi.ng/equiv" "^2.1.14"
    "@thi.ng/errors" "^2.2.5"
    "@thi.ng/transducers" "^8.3.25"
    tslib "^2.4.1"

"@thi.ng/binary@^3.3.12":
  version "3.3.12"
  resolved "https://registry.yarnpkg.com/@thi.ng/binary/-/binary-3.3.12.tgz#7affe5e580a94b20137218ac5c889fcd02b05b0d"
  integrity sha512-MUfA8rXGnILLk9OHYBv3JxZImROeRKZn88pN6n3mrpZzmcGZeyqYa8BA31u0OI/ZRZ4/J1pBVAGACowggegTvQ==
  dependencies:
    "@thi.ng/api" "^8.5.1"

"@thi.ng/binary@^3.3.13":
  version "3.3.13"
  resolved "https://registry.yarnpkg.com/@thi.ng/binary/-/binary-3.3.13.tgz#1a2950c03f5d25a97df32a110b5029c81b37292e"
  integrity sha512-Ibv6MEzx5a77BizzRbTvKWApcXreHxCYpLl+RJR26nWVHNGUO4SVX5z9s6YShyYHSBE1xNWYr57RoFgbB7Solg==
  dependencies:
    "@thi.ng/api" "^8.6.0"

"@thi.ng/bitfield@^2.2.14":
  version "2.2.14"
  resolved "https://registry.yarnpkg.com/@thi.ng/bitfield/-/bitfield-2.2.14.tgz#cbeae7cf48360d0fe2e33e5cfeb472da37bf95e5"
  integrity sha512-w+AgOmvZmymOdgHxPpynXAjYROwpx5ebdhS7uP0mr/wGxRBkYM7I9bWyL9toHX5A+xVSdrbO4xWiGbvS3Xr6UQ==
  dependencies:
    "@thi.ng/api" "^8.5.1"
    "@thi.ng/binary" "^3.3.12"
    "@thi.ng/errors" "^2.2.5"
    "@thi.ng/strings" "^3.3.19"

"@thi.ng/checks@^3.3.4":
  version "3.3.4"
  resolved "https://registry.yarnpkg.com/@thi.ng/checks/-/checks-3.3.4.tgz#4e94f4128aed43bf5eee4da37fe58819e97c0db3"
  integrity sha512-w0aQzrxungNyDqyo1OLZOmSMRi3VfyWJoSOt5As0vW0LqUq3qEHjbVmwSR3ty7Y44MJUUH2eXCoZ3McfjTApWQ==
  dependencies:
    tslib "^2.4.1"

"@thi.ng/checks@^3.3.5":
  version "3.3.5"
  resolved "https://registry.yarnpkg.com/@thi.ng/checks/-/checks-3.3.5.tgz#704c4b01fc31c4a1d9c4ab6e2aa397c79aef132e"
  integrity sha512-niNsu1mL6ZdYKx81OxjLUmKtShqCiJhusB/haUQu/4sih2ttmAckSq/UsCMQzi0GiyZw0zmQHlHkIl9fWhRrkg==
  dependencies:
    tslib "^2.4.1"

"@thi.ng/color@^5.2.12":
  version "5.2.12"
  resolved "https://registry.yarnpkg.com/@thi.ng/color/-/color-5.2.12.tgz#65ad9b3ad082e72d7c8d5b3eb7a6b340bb7285b4"
  integrity sha512-r70t2b70SRfZ6byMuhtLATKP8+sUBG7EEJqapXdtKkUb7FFhWe5ee779piSjJi+Jj81XAlOBeBRaPDmZhlWKFg==
  dependencies:
    "@thi.ng/api" "^8.5.1"
    "@thi.ng/arrays" "^2.4.4"
    "@thi.ng/binary" "^3.3.12"
    "@thi.ng/checks" "^3.3.4"
    "@thi.ng/compare" "^2.1.18"
    "@thi.ng/compose" "^2.1.20"
    "@thi.ng/defmulti" "^2.1.23"
    "@thi.ng/errors" "^2.2.5"
    "@thi.ng/math" "^5.3.15"
    "@thi.ng/random" "^3.3.17"
    "@thi.ng/strings" "^3.3.19"
    "@thi.ng/transducers" "^8.3.25"
    "@thi.ng/vectors" "^7.5.26"

"@thi.ng/compare@^2.1.18":
  version "2.1.18"
  resolved "https://registry.yarnpkg.com/@thi.ng/compare/-/compare-2.1.18.tgz#04c08f79758cf059a89fc82be53b2acb18fe7b51"
  integrity sha512-1NokQtrt3GZ3gUKVegl3oawypLQgDBSZTpNU+etzpOaiRSmkQT2c46Krb+UTA5N06gwOMBTp1gPCf1+3KXUrHA==
  dependencies:
    "@thi.ng/api" "^8.5.1"

"@thi.ng/compare@^2.1.19":
  version "2.1.19"
  resolved "https://registry.yarnpkg.com/@thi.ng/compare/-/compare-2.1.19.tgz#f14a201fe293fac1f9e9df5bc13ebf9ba0f527ec"
  integrity sha512-5TgbCD8kYk3P9kcERxcZBSVSgbxc2d6fcDY7t3QRHaaM2dGeXJXODEbUJ8HGgHscbKtAZQnIfW8h+BNOb2Q51Q==
  dependencies:
    "@thi.ng/api" "^8.6.0"

"@thi.ng/compose@^2.1.20":
  version "2.1.20"
  resolved "https://registry.yarnpkg.com/@thi.ng/compose/-/compose-2.1.20.tgz#d29c8ecc904d7e6c0186b1b82818b7897b583cb8"
  integrity sha512-Sj0PnTjgTo0tPdmW445K9/VB3ipwTtjVPLaFczxF7kLcETK8gmA19wa2SHdrVoFsmRTZyw86oPPnI6RQzX77tw==
  dependencies:
    "@thi.ng/api" "^8.5.1"
    "@thi.ng/errors" "^2.2.5"

"@thi.ng/compose@^2.1.21":
  version "2.1.21"
  resolved "https://registry.yarnpkg.com/@thi.ng/compose/-/compose-2.1.21.tgz#0bac1851452abd9bce20a6996e37ee0ff8634aaf"
  integrity sha512-Ny+zrsZ3MiiSXWuW52fcO5hblQXFrJI58aUAgZ/h7GSpeceJS4UtcHqu0OmykSuaflMP95WTs8IDDzPiO/2BVQ==
  dependencies:
    "@thi.ng/api" "^8.6.0"
    "@thi.ng/errors" "^2.2.6"

"@thi.ng/dcons@^3.2.25":
  version "3.2.25"
  resolved "https://registry.yarnpkg.com/@thi.ng/dcons/-/dcons-3.2.25.tgz#a0b613886ef05f05be066f6ab8d698a6236ab97b"
  integrity sha512-guEWX1Pe0JcFfq4yZD+I4cJA8bGSkcVA3UOCwxE+/+CSJ8/6RibRvwYYxKi7oUexpgpFg1Kw1x78NeOEOYPFyQ==
  dependencies:
    "@thi.ng/api" "^8.5.1"
    "@thi.ng/checks" "^3.3.4"
    "@thi.ng/compare" "^2.1.18"
    "@thi.ng/equiv" "^2.1.14"
    "@thi.ng/errors" "^2.2.5"
    "@thi.ng/random" "^3.3.17"
    "@thi.ng/transducers" "^8.3.25"

"@thi.ng/defmulti@^2.1.23":
  version "2.1.23"
  resolved "https://registry.yarnpkg.com/@thi.ng/defmulti/-/defmulti-2.1.23.tgz#75af7119b2a1d357cb97be906ca902c7169ed8d9"
  integrity sha512-nWSCTGnBZIWkoJC5YUadjNQF/4k56HmD8msQs0u9HhHBDSBTP8fCIcOnS9q28h9E3y43C/tu8MJ4GBRim3OREQ==
  dependencies:
    "@thi.ng/api" "^8.5.1"
    "@thi.ng/errors" "^2.2.5"
    "@thi.ng/logger" "^1.4.4"

"@thi.ng/equiv@^2.1.14":
  version "2.1.14"
  resolved "https://registry.yarnpkg.com/@thi.ng/equiv/-/equiv-2.1.14.tgz#2d89d726b985abf23bba6e9db28526b813f3bd67"
  integrity sha512-+ppcgtmJlupUQgU1Te6mshwINNRqT3UKO2GItGiDEuWXz1wEwLkvomraYuj1hAD93Lzwl41AZg8g9kg6it7RPw==

"@thi.ng/equiv@^2.1.15":
  version "2.1.15"
  resolved "https://registry.yarnpkg.com/@thi.ng/equiv/-/equiv-2.1.15.tgz#4fe4d906a0a6fcf434959d014a3260d695db206b"
  integrity sha512-QN5OjHr9JvEZYvwYyKeQkrfqa2RpYZIXOUw/N6k1Vpgt6fjaL2ZMUk8+sLzIB7qdVJtS/76lQwZJ62Csa/49zw==

"@thi.ng/errors@^2.2.5":
  version "2.2.5"
  resolved "https://registry.yarnpkg.com/@thi.ng/errors/-/errors-2.2.5.tgz#7c9d5a5003a2c71bdbed87d5a8df71fbf57373f5"
  integrity sha512-Vq7JyykJx+bHVbFWexHioSrIBYMfhfml8sO8z6UvEr034oOFBEw2JeMikSxk7uQEjmLX9JjtOscFpfETelxEtg==

"@thi.ng/errors@^2.2.6":
  version "2.2.6"
  resolved "https://registry.yarnpkg.com/@thi.ng/errors/-/errors-2.2.6.tgz#76cf8fb9f57197bcc8e3035934b59832d6606cf1"
  integrity sha512-hXhUdjCbTNZcC/pkkHgm38gwSlul9Ii6ahap3nJR14L5WbqrbooejAkq60GDHQm2KIbEbLfvyiN2BGId3y4+Bw==

"@thi.ng/geom-api@^3.3.20":
  version "3.3.20"
  resolved "https://registry.yarnpkg.com/@thi.ng/geom-api/-/geom-api-3.3.20.tgz#a6d8d860a75d60d2a925d32d6bc245877a2eaf71"
  integrity sha512-seT/dzkHn83t4SJ2X5L+idK73Gffry/LRCBjJk9wrxhhR7GNlzYcs3vHxrXPXum65qfp2VW5lUWmSu9H3QNakg==
  dependencies:
    "@thi.ng/api" "^8.5.1"
    "@thi.ng/vectors" "^7.5.26"

"@thi.ng/geom-arc@^2.1.38":
  version "2.1.38"
  resolved "https://registry.yarnpkg.com/@thi.ng/geom-arc/-/geom-arc-2.1.38.tgz#8cb720e5a102f818069dd566325d4f74f267e7d0"
  integrity sha512-6sjXFEIgjJZdRbAcKXeWIPslj6DjJv1XDXTJfRAMRgAzF/R4pOECYSQO0wC5/ZXJ6gOJxZeu6TViVzzTsUmXdQ==
  dependencies:
    "@thi.ng/checks" "^3.3.4"
    "@thi.ng/geom-api" "^3.3.20"
    "@thi.ng/geom-resample" "^2.1.38"
    "@thi.ng/math" "^5.3.15"
    "@thi.ng/vectors" "^7.5.26"

"@thi.ng/geom-clip-line@^2.2.0":
  version "2.2.0"
  resolved "https://registry.yarnpkg.com/@thi.ng/geom-clip-line/-/geom-clip-line-2.2.0.tgz#15064ae1dd414f594758555addf7205f4192f2ca"
  integrity sha512-XrLSZ9GXBmV5nQrYWbFO19gm6UZuazaRLvGMRj8V4dVGErQ7UOVohkopsPn2Bg5R1p+sCxv4qegvikNDZWr6dQ==
  dependencies:
    "@thi.ng/api" "^8.5.1"
    "@thi.ng/geom-isec" "^2.1.37"
    "@thi.ng/vectors" "^7.5.26"

"@thi.ng/geom-clip-poly@^2.1.37":
  version "2.1.37"
  resolved "https://registry.yarnpkg.com/@thi.ng/geom-clip-poly/-/geom-clip-poly-2.1.37.tgz#2deb2a25be9f70b22ac22da53287c42dfed62f02"
  integrity sha512-/tf7xSAhtrmyVFeOu8o9X5qfeC6xW0uALJvnY2gQ6er/FjDfSyARti1oJdsSeNlnHOV2dom7Bxyt4YFGEEhFoA==
  dependencies:
    "@thi.ng/geom-isec" "^2.1.37"
    "@thi.ng/geom-poly-utils" "^2.3.21"
    "@thi.ng/math" "^5.3.15"
    "@thi.ng/vectors" "^7.5.26"

"@thi.ng/geom-closest-point@^2.1.34":
  version "2.1.34"
  resolved "https://registry.yarnpkg.com/@thi.ng/geom-closest-point/-/geom-closest-point-2.1.34.tgz#90645610fb155e881c7672f2108f75c0b570d75f"
  integrity sha512-Aj6H0LvjSA2OVEeBdAs0dluHdLtdglayepiVKcsSGF49zig3KNdhSFOSAB2pFxrUVyJ5E5m7hnH1qLVFgowMrw==
  dependencies:
    "@thi.ng/api" "^8.5.1"
    "@thi.ng/math" "^5.3.15"
    "@thi.ng/vectors" "^7.5.26"

"@thi.ng/geom-hull@^2.1.34":
  version "2.1.34"
  resolved "https://registry.yarnpkg.com/@thi.ng/geom-hull/-/geom-hull-2.1.34.tgz#a64aee40e0889b8eba0a9ce41a60c62bfcff456b"
  integrity sha512-trdqvqgLsX/UdnJ/jzWW7kYBEKBQlof7grQ+AhtHNui0Ozaky45o8oN4+sWe9OEawtWdWzSq2b+B6tr7CXsHow==
  dependencies:
    "@thi.ng/math" "^5.3.15"
    "@thi.ng/vectors" "^7.5.26"

"@thi.ng/geom-isec@^2.1.37":
  version "2.1.37"
  resolved "https://registry.yarnpkg.com/@thi.ng/geom-isec/-/geom-isec-2.1.37.tgz#e7d9fe9d5f64e1fcb2cd5393c599e2f81c7008c1"
  integrity sha512-cpKSPqcDfc7zuHqD0OWOP/6BepP2p52464gMEJV+wfIwiL49PGBu6QrGBd5lyNkQ+Nn3wXApedejHzyXQ0l2Ag==
  dependencies:
    "@thi.ng/api" "^8.5.1"
    "@thi.ng/geom-api" "^3.3.20"
    "@thi.ng/geom-closest-point" "^2.1.34"
    "@thi.ng/math" "^5.3.15"
    "@thi.ng/vectors" "^7.5.26"

"@thi.ng/geom-poly-utils@^2.3.21":
  version "2.3.21"
  resolved "https://registry.yarnpkg.com/@thi.ng/geom-poly-utils/-/geom-poly-utils-2.3.21.tgz#d2e818714046f09b5b434e61d330d6e54a57bcf0"
  integrity sha512-er4BSl0VbnjNFfVmgRK4EQ5ru+s+fylN94zzYzPjGbzx2UfC002+uVgynj24A/m3+ZpGJMPwWRifYSvmpijjUQ==
  dependencies:
    "@thi.ng/api" "^8.5.1"
    "@thi.ng/errors" "^2.2.5"
    "@thi.ng/geom-api" "^3.3.20"
    "@thi.ng/math" "^5.3.15"
    "@thi.ng/vectors" "^7.5.26"

"@thi.ng/geom-resample@^2.1.38":
  version "2.1.38"
  resolved "https://registry.yarnpkg.com/@thi.ng/geom-resample/-/geom-resample-2.1.38.tgz#f77ffdbb5fd4987ee9f324651ce93c569bf29ad5"
  integrity sha512-7a50wpK/bJX8CZ9PvkTHCU7KykISkNBv2ZdytmON97wx4Wth7Qp9Yr1rZJW6p44YwL4a9qWdthrzLMG1d2Jl6Q==
  dependencies:
    "@thi.ng/checks" "^3.3.4"
    "@thi.ng/geom-api" "^3.3.20"
    "@thi.ng/geom-closest-point" "^2.1.34"
    "@thi.ng/math" "^5.3.15"
    "@thi.ng/vectors" "^7.5.26"

"@thi.ng/geom-splines@^2.2.12":
  version "2.2.12"
  resolved "https://registry.yarnpkg.com/@thi.ng/geom-splines/-/geom-splines-2.2.12.tgz#ddb2c4c005d88e678221d6b672273ddf027b45dc"
  integrity sha512-afs/+GdSQYOxVpyMH6VQ/3OFiYLKCbmSHdXNvDNgQPGqgyKpwWt8Id9RfV3zL8fH1WZj8mW/iPfKHVPlCf4Vig==
  dependencies:
    "@thi.ng/api" "^8.5.1"
    "@thi.ng/checks" "^3.3.4"
    "@thi.ng/geom-api" "^3.3.20"
    "@thi.ng/geom-arc" "^2.1.38"
    "@thi.ng/geom-resample" "^2.1.38"
    "@thi.ng/math" "^5.3.15"
    "@thi.ng/vectors" "^7.5.26"

"@thi.ng/geom-subdiv-curve@^2.1.37":
  version "2.1.37"
  resolved "https://registry.yarnpkg.com/@thi.ng/geom-subdiv-curve/-/geom-subdiv-curve-2.1.37.tgz#d8471ef5e8c10b34a48322f6e2f46807036deebf"
  integrity sha512-pnSpKLq7XasIjRpkX74kSRlXg3vTzoCZ08YubmkhacKF+DKNsgQW0BcrL1lwRloGg1kgtc2PsL1ckh+x7fosQA==
  dependencies:
    "@thi.ng/api" "^8.5.1"
    "@thi.ng/geom-api" "^3.3.20"
    "@thi.ng/transducers" "^8.3.25"
    "@thi.ng/vectors" "^7.5.26"

"@thi.ng/geom-tessellate@^2.1.37":
  version "2.1.37"
  resolved "https://registry.yarnpkg.com/@thi.ng/geom-tessellate/-/geom-tessellate-2.1.37.tgz#4e320ffe3501a09f157ef8c8f31479cfe6446896"
  integrity sha512-3QtGF4YPZhVm5l1xFm9mAM7xz2o+S0Kdg2SHS9yD5UL8J6R2kwNoLFZKqmbcSm6+BdMovnp24dRro4GRtqwd4Q==
  dependencies:
    "@thi.ng/checks" "^3.3.4"
    "@thi.ng/geom-api" "^3.3.20"
    "@thi.ng/geom-isec" "^2.1.37"
    "@thi.ng/geom-poly-utils" "^2.3.21"
    "@thi.ng/transducers" "^8.3.25"
    "@thi.ng/vectors" "^7.5.26"

"@thi.ng/geom-voronoi@^2.2.38":
  version "2.2.38"
  resolved "https://registry.yarnpkg.com/@thi.ng/geom-voronoi/-/geom-voronoi-2.2.38.tgz#1402cf8a4edd4c231ae50e7f6410b318cb988703"
  integrity sha512-n2Ro6rbJePV5nkUTrJkT2xqH/+83NEgzP27h1NoS/DLeKvTda+WhQ1A6ZuPzxtqLdspeaGiV99XetXDAYtDn8A==
  dependencies:
    "@thi.ng/api" "^8.5.1"
    "@thi.ng/bitfield" "^2.2.14"
    "@thi.ng/checks" "^3.3.4"
    "@thi.ng/geom-clip-line" "^2.2.0"
    "@thi.ng/geom-clip-poly" "^2.1.37"
    "@thi.ng/geom-isec" "^2.1.37"
    "@thi.ng/geom-poly-utils" "^2.3.21"
    "@thi.ng/math" "^5.3.15"
    "@thi.ng/quad-edge" "^3.1.16"
    "@thi.ng/vectors" "^7.5.26"

"@thi.ng/geom@^4.0.0":
  version "4.0.0"
  resolved "https://registry.yarnpkg.com/@thi.ng/geom/-/geom-4.0.0.tgz#9aaa07cba3f38ca5a51ea7df98bce23ec7c5bc62"
  integrity sha512-TvVH3f4x5cJVoIR1cnR10hVHeLUXWSqtf9Gv9+GkMV3yQJ+TnT59Z7D/wIHnaCakbYtUAIH09DWmYTcmy7Zdfw==
  dependencies:
    "@thi.ng/api" "^8.5.1"
    "@thi.ng/arrays" "^2.4.4"
    "@thi.ng/associative" "^6.2.18"
    "@thi.ng/checks" "^3.3.4"
    "@thi.ng/defmulti" "^2.1.23"
    "@thi.ng/equiv" "^2.1.14"
    "@thi.ng/errors" "^2.2.5"
    "@thi.ng/geom-api" "^3.3.20"
    "@thi.ng/geom-arc" "^2.1.38"
    "@thi.ng/geom-clip-line" "^2.2.0"
    "@thi.ng/geom-clip-poly" "^2.1.37"
    "@thi.ng/geom-closest-point" "^2.1.34"
    "@thi.ng/geom-hull" "^2.1.34"
    "@thi.ng/geom-isec" "^2.1.37"
    "@thi.ng/geom-poly-utils" "^2.3.21"
    "@thi.ng/geom-resample" "^2.1.38"
    "@thi.ng/geom-splines" "^2.2.12"
    "@thi.ng/geom-subdiv-curve" "^2.1.37"
    "@thi.ng/geom-tessellate" "^2.1.37"
    "@thi.ng/hiccup" "^4.2.25"
    "@thi.ng/hiccup-svg" "^4.3.23"
    "@thi.ng/math" "^5.3.15"
    "@thi.ng/matrices" "^2.1.35"
    "@thi.ng/random" "^3.3.17"
    "@thi.ng/strings" "^3.3.19"
    "@thi.ng/transducers" "^8.3.25"
    "@thi.ng/vectors" "^7.5.26"

"@thi.ng/hex@^2.3.1":
  version "2.3.1"
  resolved "https://registry.yarnpkg.com/@thi.ng/hex/-/hex-2.3.1.tgz#ae3790a593f2a2b2f055b62a60d88d762f11b885"
  integrity sha512-jSBrcoNSnhdX9/S7+WqF/KwEIrf7h2r1xv2Cz4p0EMRxA+ke7brfygnpko7nXGVlLemPnkemwd4gtV6hnzlEPg==

"@thi.ng/hex@^2.3.2":
  version "2.3.2"
  resolved "https://registry.yarnpkg.com/@thi.ng/hex/-/hex-2.3.2.tgz#ed34397244412aeb2a2a1bb44ea80cb8cabc821f"
  integrity sha512-vLFWGh8D+U5RiYJIb3iouCrCTwpEfnax2j3X2nOyn0sdaDQc/FR//r/d9ZqNpeRZMR5GssQlh+s2x/m9mw0QGg==

"@thi.ng/hiccup-svg@^4.3.23":
  version "4.3.23"
  resolved "https://registry.yarnpkg.com/@thi.ng/hiccup-svg/-/hiccup-svg-4.3.23.tgz#77b6a7586b0279718159cf9aaf9142a0617c76bc"
  integrity sha512-/n76zr6szXfxN5wO83WE+NoomADRRX/E/uTlqIyGmSnIadGqkwjOVezV03s2aA9Bzu7ZAO0Nkf9gQE7euZJJig==
  dependencies:
    "@thi.ng/checks" "^3.3.4"
    "@thi.ng/color" "^5.2.12"
    "@thi.ng/prefixes" "^2.1.14"

"@thi.ng/hiccup@^4.2.25":
  version "4.2.25"
  resolved "https://registry.yarnpkg.com/@thi.ng/hiccup/-/hiccup-4.2.25.tgz#45d5ff573a38e1b5a4c878c5145831f5cb38f438"
  integrity sha512-O7YZQb+QBk0y+Cc9ukydHwK/Auc1kYt5eLF9D14kUxptpbLDl6CMePUWGo46l/srSQIidYK+vJbsPPQ4X/gjtA==
  dependencies:
    "@thi.ng/api" "^8.5.1"
    "@thi.ng/checks" "^3.3.4"
    "@thi.ng/errors" "^2.2.5"
    "@thi.ng/strings" "^3.3.19"

"@thi.ng/logger@^1.4.4":
  version "1.4.4"
  resolved "https://registry.yarnpkg.com/@thi.ng/logger/-/logger-1.4.4.tgz#44a68248b745d931b74eb2894665b3c75680b2ba"
  integrity sha512-VG77va4cgUvq/lmreQRH335pQ2W1c4ERG/DjL1sFjXGhcHuug583leTQNEl4BVy7JDmr4sSWzM7VQG5vauzyMQ==

"@thi.ng/math@^5.3.15":
  version "5.3.15"
  resolved "https://registry.yarnpkg.com/@thi.ng/math/-/math-5.3.15.tgz#814e4b0ac254606f65a7de8c9aab7da4966da5f5"
  integrity sha512-0qhX8DnL8ayu/5fCDmHSow/fsKRjoLK49qVbWlDv9ykzXOqQBdJt+TKpy7l+EoOzttZu2NamRdN4NRKjpZc4Kg==
  dependencies:
    "@thi.ng/api" "^8.5.1"

"@thi.ng/math@^5.3.16":
  version "5.3.16"
  resolved "https://registry.yarnpkg.com/@thi.ng/math/-/math-5.3.16.tgz#343d6933a18723346649120cdf4c0bc42c3f852a"
  integrity sha512-0nsAhYy/HNYEPhSk8g0aYhR5L4jnnPndhn7M3fyMeHn0bk0KbKaB+eJ4Tb7gsDG/OUbJM3Ovsn6304GCmWkAtw==
  dependencies:
    "@thi.ng/api" "^8.6.0"

"@thi.ng/matrices@^2.1.35":
  version "2.1.35"
  resolved "https://registry.yarnpkg.com/@thi.ng/matrices/-/matrices-2.1.35.tgz#d03a7530e934c1507909e8c861cf49463f7df5f1"
  integrity sha512-GymIoaROVGG1tYDkH+p+LeBIeeZ49U9OoaUKBs0x9mFP1a6u7wk3IH/fy1bbhTTxN+hW/pLQM0PT8r1EKO8cpw==
  dependencies:
    "@thi.ng/api" "^8.5.1"
    "@thi.ng/checks" "^3.3.4"
    "@thi.ng/math" "^5.3.15"
    "@thi.ng/vectors" "^7.5.26"

"@thi.ng/memoize@^3.1.18":
  version "3.1.18"
  resolved "https://registry.yarnpkg.com/@thi.ng/memoize/-/memoize-3.1.18.tgz#c118a8d0460b8f3e6d1c14e7007dbbca49d234ef"
  integrity sha512-su7T+UQF+YDQg4RaPUkiQ+hckGaYVCyvnbKwnrPRvjFmpvDljbcTMZJ5yhf9qCsfjbn4WoYjELw+wIBi5Ctqyg==
  dependencies:
    "@thi.ng/api" "^8.5.1"

"@thi.ng/memoize@^3.1.19":
  version "3.1.19"
  resolved "https://registry.yarnpkg.com/@thi.ng/memoize/-/memoize-3.1.19.tgz#db67c3d5412f1396bbdd1a1d051057644ebf51d9"
  integrity sha512-UICl98lY9mX7kg4scSm2PCfitjdwmSpAs9Vi58WzGOshhJyMBXCKCtSf0uURDm+TSSlA9oOphylIDnxUrfyjig==
  dependencies:
    "@thi.ng/api" "^8.6.0"

"@thi.ng/prefixes@^2.1.14":
  version "2.1.14"
  resolved "https://registry.yarnpkg.com/@thi.ng/prefixes/-/prefixes-2.1.14.tgz#ed4e17459cbb2b42cc24e83acfcf9d630c9395b2"
  integrity sha512-qcCa5VAZQ7ybsoIOuihw4qstu20+SPuaqhQHIMi+DFYqUa+zvddqgGYW4hFIxXBQak2YnO8JtJ+L+zjnTnHI7w==

"@thi.ng/quad-edge@^3.1.16":
  version "3.1.16"
  resolved "https://registry.yarnpkg.com/@thi.ng/quad-edge/-/quad-edge-3.1.16.tgz#807330820e8220bcc518c8977865dd62d8d3d7fb"
  integrity sha512-A0DfQKvBubprQ8yfc/HhN9S/C3HhkbuyMGNDlF3iEf2FWCp1kSu+yb5hWi/Q4Q6vj/9HoiODQmAr6UGToLECNw==
  dependencies:
    "@thi.ng/errors" "^2.2.5"

"@thi.ng/random@^3.3.17":
  version "3.3.17"
  resolved "https://registry.yarnpkg.com/@thi.ng/random/-/random-3.3.17.tgz#dad7fb9d2d1c7ff80e8a8821e426207c8f71b3f9"
  integrity sha512-kStVcKLP1T1OXaBEy5/hO4/QygW+Q4tz+uNdCz0nGy8C8RQ4eEnRPtYtuv53S0bLXq9U9eguUWvHyZBK0l9umw==
  dependencies:
    "@thi.ng/api" "^8.5.1"
    "@thi.ng/checks" "^3.3.4"
    "@thi.ng/errors" "^2.2.5"
    "@thi.ng/hex" "^2.3.1"

"@thi.ng/random@^3.3.18":
  version "3.3.18"
  resolved "https://registry.yarnpkg.com/@thi.ng/random/-/random-3.3.18.tgz#36b48a02102623d9c1dd392d202c8648cf8654cf"
  integrity sha512-TD0mmidRUFeXgvvj4I4pE8ljTh+0zeU9whyLYXHehlQjU3qRpkSXXVSDyTTr5tXEi95b604uUpbqWXaUCmJAFA==
  dependencies:
    "@thi.ng/api" "^8.6.0"
    "@thi.ng/checks" "^3.3.5"
    "@thi.ng/errors" "^2.2.6"
    "@thi.ng/hex" "^2.3.2"

"@thi.ng/sparse@^0.3.30":
  version "0.3.30"
  resolved "https://registry.yarnpkg.com/@thi.ng/sparse/-/sparse-0.3.30.tgz#f04a5cc451ab63ba1f59fa19b3aa306ce7e8ca96"
  integrity sha512-j8X8CWfRVJuh7MmMgi2A8PSEuR8MjcKZgpdRx0eYkiVi40oultmMSR4UMTirCHWC7aBedxKFMkOTh7zRq7Vs1g==
  dependencies:
    "@thi.ng/api" "^8.5.1"
    "@thi.ng/errors" "^2.2.5"
    "@thi.ng/transducers" "^8.3.25"

"@thi.ng/strings@^3.3.19":
  version "3.3.19"
  resolved "https://registry.yarnpkg.com/@thi.ng/strings/-/strings-3.3.19.tgz#2d02d65dd5f31a1c7230acf91fe292bb51307b99"
  integrity sha512-C/yyDJiyNmyCiFip6NoNgWuu9LgXqJF1LKs0UfPn4SYXGNBhEi+dePGQGjZOmOpvxkJPYOkg7tFyzrnHYyQ40g==
  dependencies:
    "@thi.ng/api" "^8.5.1"
    "@thi.ng/errors" "^2.2.5"
    "@thi.ng/hex" "^2.3.1"
    "@thi.ng/memoize" "^3.1.18"

"@thi.ng/strings@^3.3.20":
  version "3.3.20"
  resolved "https://registry.yarnpkg.com/@thi.ng/strings/-/strings-3.3.20.tgz#bc91981ac2a3c6538d4605cab57b2d38787162fe"
  integrity sha512-15+YsHPWbZRqRL/IMZ5EwrGV/T7hwfe8o5Q4M5U7FCQJO6NHx/IJG7hdpZ+GpRl2y3mE7V5w6we0k68SD3m2KQ==
  dependencies:
    "@thi.ng/api" "^8.6.0"
    "@thi.ng/errors" "^2.2.6"
    "@thi.ng/hex" "^2.3.2"
    "@thi.ng/memoize" "^3.1.19"

"@thi.ng/transducers@^8.3.25":
  version "8.3.25"
  resolved "https://registry.yarnpkg.com/@thi.ng/transducers/-/transducers-8.3.25.tgz#b558c5e7d59acbface67aaef3185612b6ab9cdf4"
  integrity sha512-xg/XH75t9royaNdBXDbLts9PaJhpZnNEpchmXYJMeMkrK38wel+N4l4IQ0SLYiR9JUHc5rlBdO/ZpW0Dxi+YVA==
  dependencies:
    "@thi.ng/api" "^8.5.1"
    "@thi.ng/arrays" "^2.4.4"
    "@thi.ng/checks" "^3.3.4"
    "@thi.ng/compare" "^2.1.18"
    "@thi.ng/compose" "^2.1.20"
    "@thi.ng/errors" "^2.2.5"
    "@thi.ng/math" "^5.3.15"
    "@thi.ng/random" "^3.3.17"

"@thi.ng/transducers@^8.3.26":
  version "8.3.26"
  resolved "https://registry.yarnpkg.com/@thi.ng/transducers/-/transducers-8.3.26.tgz#c17277b86de9baee1a19c0457d202f5209904b64"
  integrity sha512-fP79ip4WyGKn/OjYjmrqlGpvZbZq/48OVyzT8fScI8lMJGYaQRDTh6LDN+91RgSC0EdjrVO9QcIucDIlIdWdow==
  dependencies:
    "@thi.ng/api" "^8.6.0"
    "@thi.ng/arrays" "^2.4.5"
    "@thi.ng/checks" "^3.3.5"
    "@thi.ng/compare" "^2.1.19"
    "@thi.ng/compose" "^2.1.21"
    "@thi.ng/errors" "^2.2.6"
    "@thi.ng/math" "^5.3.16"
    "@thi.ng/random" "^3.3.18"

"@thi.ng/vectors@^7.5.26":
  version "7.5.26"
  resolved "https://registry.yarnpkg.com/@thi.ng/vectors/-/vectors-7.5.26.tgz#1472a3d321ecf655c83331990f4efd862a806727"
  integrity sha512-u8trPfOSu9Nzdq0TLg+UHCd5hVX00A/4FGYuK+Jg8Gaz9AIpbfa+2FKh+fETLg0I4LTI4Ezf80iV/n+EV8g3Cw==
  dependencies:
    "@thi.ng/api" "^8.5.1"
    "@thi.ng/binary" "^3.3.12"
    "@thi.ng/checks" "^3.3.4"
    "@thi.ng/equiv" "^2.1.14"
    "@thi.ng/errors" "^2.2.5"
    "@thi.ng/math" "^5.3.15"
    "@thi.ng/memoize" "^3.1.18"
    "@thi.ng/random" "^3.3.17"
    "@thi.ng/strings" "^3.3.19"
    "@thi.ng/transducers" "^8.3.25"

"@thi.ng/vectors@^7.5.27":
  version "7.5.27"
  resolved "https://registry.yarnpkg.com/@thi.ng/vectors/-/vectors-7.5.27.tgz#98ebb31468872bd9f529904ef4951a09aa827867"
  integrity sha512-5cGRfOuwDZwKFvit5pMcsw4WyX+4MypcopJ3NsF2b7wPhMpvi0HrrG8z68Z3GDnIrP/TT9Xanp35sGse5kEoHw==
  dependencies:
    "@thi.ng/api" "^8.6.0"
    "@thi.ng/binary" "^3.3.13"
    "@thi.ng/checks" "^3.3.5"
    "@thi.ng/equiv" "^2.1.15"
    "@thi.ng/errors" "^2.2.6"
    "@thi.ng/math" "^5.3.16"
    "@thi.ng/memoize" "^3.1.19"
    "@thi.ng/random" "^3.3.18"
    "@thi.ng/strings" "^3.3.20"
    "@thi.ng/transducers" "^8.3.26"

"@types/css-font-loading-module@^0.0.7":
  version "0.0.7"
  resolved "https://registry.yarnpkg.com/@types/css-font-loading-module/-/css-font-loading-module-0.0.7.tgz#2f98ede46acc0975de85c0b7b0ebe06041d24601"
  integrity sha512-nl09VhutdjINdWyXxHWN/w9zlNCfr60JUqJbd24YXUuCwgeL0TpFSdElCwb6cxfB6ybE19Gjj4g0jsgkXxKv1Q==

"@types/earcut@^2.1.0":
  version "2.1.1"
  resolved "https://registry.yarnpkg.com/@types/earcut/-/earcut-2.1.1.tgz#573a0af609f17005c751f6f4ffec49cfe358ea51"
  integrity sha512-w8oigUCDjElRHRRrMvn/spybSMyX8MTkKA5Dv+tS1IE/TgmNZPqUYtvYBXGY8cieSE66gm+szeK+bnbxC2xHTQ==

"@types/offscreencanvas@^2019.6.4":
  version "2019.7.0"
  resolved "https://registry.yarnpkg.com/@types/offscreencanvas/-/offscreencanvas-2019.7.0.tgz#e4a932069db47bb3eabeb0b305502d01586fa90d"
  integrity sha512-PGcyveRIpL1XIqK8eBsmRBt76eFgtzuPiSTyKHZxnGemp2yzGzWpjYKAfK3wIMiU7eH+851yEpiuP8JZerTmWg==

"@types/uuid@^9.0.0":
  version "9.0.0"
  resolved "https://registry.yarnpkg.com/@types/uuid/-/uuid-9.0.0.tgz#53ef263e5239728b56096b0a869595135b7952d2"
  integrity sha512-kr90f+ERiQtKWMz5rP32ltJ/BtULDI5RVO0uavn1HQUOwjx0R1h0rnDYNL0CepF1zL5bSY6FISAfd9tOdDhU5Q==

earcut@^2.2.4:
  version "2.2.4"
  resolved "https://registry.yarnpkg.com/earcut/-/earcut-2.2.4.tgz#6d02fd4d68160c114825d06890a92ecaae60343a"
  integrity sha512-/pjZsA1b4RPHbeWZQn66SWS8nZZWLQQ23oE3Eam7aroEFGEvwKAsJfZ9ytiEMycfzXWpca4FA9QIOehf7PocBQ==

esbuild@^0.16.3:
  version "0.16.4"
  resolved "https://registry.yarnpkg.com/esbuild/-/esbuild-0.16.4.tgz#06c86298d233386f5e41bcc14d36086daf3f40bd"
  integrity sha512-qQrPMQpPTWf8jHugLWHoGqZjApyx3OEm76dlTXobHwh/EBbavbRdjXdYi/GWr43GyN0sfpap14GPkb05NH3ROA==
  optionalDependencies:
    "@esbuild/android-arm" "0.16.4"
    "@esbuild/android-arm64" "0.16.4"
    "@esbuild/android-x64" "0.16.4"
    "@esbuild/darwin-arm64" "0.16.4"
    "@esbuild/darwin-x64" "0.16.4"
    "@esbuild/freebsd-arm64" "0.16.4"
    "@esbuild/freebsd-x64" "0.16.4"
    "@esbuild/linux-arm" "0.16.4"
    "@esbuild/linux-arm64" "0.16.4"
    "@esbuild/linux-ia32" "0.16.4"
    "@esbuild/linux-loong64" "0.16.4"
    "@esbuild/linux-mips64el" "0.16.4"
    "@esbuild/linux-ppc64" "0.16.4"
    "@esbuild/linux-riscv64" "0.16.4"
    "@esbuild/linux-s390x" "0.16.4"
    "@esbuild/linux-x64" "0.16.4"
    "@esbuild/netbsd-x64" "0.16.4"
    "@esbuild/openbsd-x64" "0.16.4"
    "@esbuild/sunos-x64" "0.16.4"
    "@esbuild/win32-arm64" "0.16.4"
    "@esbuild/win32-ia32" "0.16.4"
    "@esbuild/win32-x64" "0.16.4"

eventemitter3@^4.0.0:
  version "4.0.7"
  resolved "https://registry.yarnpkg.com/eventemitter3/-/eventemitter3-4.0.7.tgz#2de9b68f6528d5644ef5c59526a1b4a07306169f"
  integrity sha512-8guHBZCwKnFhYdHr2ysuRWErTwhoN2X8XELRlrRwpmfeY2jjuUN4taQMsULKUVo1K4DvZl+0pgfyoysHxvmvEw==

fsevents@~2.3.2:
  version "2.3.2"
  resolved "https://registry.yarnpkg.com/fsevents/-/fsevents-2.3.2.tgz#8a526f78b8fdf4623b709e0b975c52c24c02fd1a"
  integrity sha512-xiqMQR4xAeHTuB9uWm+fFRcIOgKBMiOBP+eXiyT7jsgVCq1bkVygt00oASowB7EdtpOHaaPgKt812P9ab+DDKA==

function-bind@^1.1.1:
  version "1.1.1"
  resolved "https://registry.yarnpkg.com/function-bind/-/function-bind-1.1.1.tgz#a56899d3ea3c9bab874bb9773b7c5ede92f4895d"
  integrity sha512-yIovAzMX49sF8Yl58fSCWJ5svSLuaibPxXQJFLmBObTuCr0Mf1KiPopGM9NiFjiYBCbfaa2Fh6breQ6ANVTI0A==

has@^1.0.3:
  version "1.0.3"
  resolved "https://registry.yarnpkg.com/has/-/has-1.0.3.tgz#722d7cbfc1f6aa8241f16dd814e011e1f41e8796"
  integrity sha512-f2dvO0VU6Oej7RkWJGrehjbzMAjFp5/VKPp5tTpWIV4JHHZK1/BxbFRtf/siA2SWTe09caDmVtYYzWEIbBS4zw==
  dependencies:
    function-bind "^1.1.1"

is-core-module@^2.9.0:
  version "2.11.0"
  resolved "https://registry.yarnpkg.com/is-core-module/-/is-core-module-2.11.0.tgz#ad4cb3e3863e814523c96f3f58d26cc570ff0144"
  integrity sha512-RRjxlvLDkD1YJwDbroBHMb+cukurkDWNyHx7D3oNB5x9rb5ogcksMC5wHCadcXoo67gVr/+3GFySh3134zi6rw==
  dependencies:
    has "^1.0.3"

nanoid@^3.3.4:
  version "3.3.4"
  resolved "https://registry.yarnpkg.com/nanoid/-/nanoid-3.3.4.tgz#730b67e3cd09e2deacf03c027c81c9d9dbc5e8ab"
  integrity sha512-MqBkQh/OHTS2egovRtLk45wEyNXwF+cokD+1YPf9u5VfJiRdAiRwB2froX5Co9Rh20xs4siNPm8naNotSD6RBw==

path-parse@^1.0.7:
  version "1.0.7"
  resolved "https://registry.yarnpkg.com/path-parse/-/path-parse-1.0.7.tgz#fbc114b60ca42b30d9daf5858e4bd68bbedb6735"
  integrity sha512-LDJzPVEEEPR+y48z93A0Ed0yXb8pAByGWo/k5YYdYgpY2/2EsOsksJrq7lOHxryrVOn1ejG6oAp8ahvOIQD8sw==

picocolors@^1.0.0:
  version "1.0.0"
  resolved "https://registry.yarnpkg.com/picocolors/-/picocolors-1.0.0.tgz#cb5bdc74ff3f51892236eaf79d68bc44564ab81c"
  integrity sha512-1fygroTLlHu66zi26VoTDv8yRgm0Fccecssto+MhsZ0D/DGW2sm8E8AjW7NU5VVTRt5GxbeZ5qBuJr+HyLYkjQ==

pixi.js@^7.0.4:
  version "7.0.4"
  resolved "https://registry.yarnpkg.com/pixi.js/-/pixi.js-7.0.4.tgz#4bd8dc620aa407b2220de328c55da3d0a5730ab5"
  integrity sha512-5j9AVVNjPfuUK7HDvkoOGbMwZiQvBZORLpjR3Rl+hr88unXs92/Ud4e2Px7pnSDQfxHiGzKwbiMFuvTL94Yk6g==
  dependencies:
    "@pixi/accessibility" "7.0.4"
    "@pixi/app" "7.0.4"
    "@pixi/assets" "7.0.4"
    "@pixi/compressed-textures" "7.0.4"
    "@pixi/core" "7.0.4"
    "@pixi/display" "7.0.4"
    "@pixi/events" "7.0.4"
    "@pixi/extensions" "7.0.4"
    "@pixi/extract" "7.0.4"
    "@pixi/filter-alpha" "7.0.4"
    "@pixi/filter-blur" "7.0.4"
    "@pixi/filter-color-matrix" "7.0.4"
    "@pixi/filter-displacement" "7.0.4"
    "@pixi/filter-fxaa" "7.0.4"
    "@pixi/filter-noise" "7.0.4"
    "@pixi/graphics" "7.0.4"
    "@pixi/mesh" "7.0.4"
    "@pixi/mesh-extras" "7.0.4"
    "@pixi/mixin-cache-as-bitmap" "7.0.4"
    "@pixi/mixin-get-child-by-name" "7.0.4"
    "@pixi/mixin-get-global-position" "7.0.4"
    "@pixi/particle-container" "7.0.4"
    "@pixi/prepare" "7.0.4"
    "@pixi/sprite" "7.0.4"
    "@pixi/sprite-animated" "7.0.4"
    "@pixi/sprite-tiling" "7.0.4"
    "@pixi/spritesheet" "7.0.4"
    "@pixi/text" "7.0.4"
    "@pixi/text-bitmap" "7.0.4"

postcss@^8.4.19:
  version "8.4.19"
  resolved "https://registry.yarnpkg.com/postcss/-/postcss-8.4.19.tgz#61178e2add236b17351897c8bcc0b4c8ecab56fc"
  integrity sha512-h+pbPsyhlYj6N2ozBmHhHrs9DzGmbaarbLvWipMRO7RLS+v4onj26MPFXA5OBYFxyqYhUJK456SwDcY9H2/zsA==
  dependencies:
    nanoid "^3.3.4"
    picocolors "^1.0.0"
    source-map-js "^1.0.2"

punycode@1.3.2:
  version "1.3.2"
  resolved "https://registry.yarnpkg.com/punycode/-/punycode-1.3.2.tgz#9653a036fb7c1ee42342f2325cceefea3926c48d"
  integrity sha512-RofWgt/7fL5wP1Y7fxE7/EmTLzQVnB0ycyibJ0OOHIlJqTNzglYFxVwETOcIoJqJmpDXJ9xImDv+Fq34F/d4Dw==

querystring@0.2.0:
  version "0.2.0"
  resolved "https://registry.yarnpkg.com/querystring/-/querystring-0.2.0.tgz#b209849203bb25df820da756e747005878521620"
  integrity sha512-X/xY82scca2tau62i9mDyU9K+I+djTMUsvwf7xnUX5GLvVzgJybOJf4Y6o9Zx3oJK/LSXg5tTZBjwzqVPaPO2g==

resolve@^1.22.1:
  version "1.22.1"
  resolved "https://registry.yarnpkg.com/resolve/-/resolve-1.22.1.tgz#27cb2ebb53f91abb49470a928bba7558066ac177"
  integrity sha512-nBpuuYuY5jFsli/JIs1oldw6fOQCBioohqWZg/2hiaOybXOft4lonv85uDOKXdf8rhyK159cxU5cDcK/NKk8zw==
  dependencies:
    is-core-module "^2.9.0"
    path-parse "^1.0.7"
    supports-preserve-symlinks-flag "^1.0.0"

rollup@^3.7.0:
  version "3.7.2"
  resolved "https://registry.yarnpkg.com/rollup/-/rollup-3.7.2.tgz#221d3bb567ec622c5347e6adf689bef9d3715c3f"
  integrity sha512-orqIX5zkHyHKVsIBl8J5a2tnVikOAMte0DgOLViyW6McYuj45FG+cQPrXILhaifBSmy0D0hKbHg2RbgzFJcwTg==
  optionalDependencies:
    fsevents "~2.3.2"

source-map-js@^1.0.2:
  version "1.0.2"
  resolved "https://registry.yarnpkg.com/source-map-js/-/source-map-js-1.0.2.tgz#adbc361d9c62df380125e7f161f71c826f1e490c"
  integrity sha512-R0XvVJ9WusLiqTCEiGCmICCMplcCkIwwR11mOSD9CR5u+IXYdiseeEuXCVAjS54zqwkLcPNnmU4OeJ6tUrWhDw==

supports-preserve-symlinks-flag@^1.0.0:
  version "1.0.0"
  resolved "https://registry.yarnpkg.com/supports-preserve-symlinks-flag/-/supports-preserve-symlinks-flag-1.0.0.tgz#6eda4bd344a3c94aea376d4cc31bc77311039e09"
  integrity sha512-ot0WnXS9fgdkgIcePe6RHNk1WA8+muPa6cSjeR3V8K27q9BB1rTE3R1p7Hv0z1ZyAc8s6Vvv8DIyWf681MAt0w==

tslib@^2.4.1:
  version "2.4.1"
  resolved "https://registry.yarnpkg.com/tslib/-/tslib-2.4.1.tgz#0d0bfbaac2880b91e22df0768e55be9753a5b17e"
  integrity sha512-tGyy4dAjRIEwI7BzsB0lynWgOpfqjUdq91XXAlIWD2OwKBH7oCl/GZG/HT4BOHrTlPMOASlMQ7veyTqpmRcrNA==

typescript@^4.9.3:
  version "4.9.4"
  resolved "https://registry.yarnpkg.com/typescript/-/typescript-4.9.4.tgz#a2a3d2756c079abda241d75f149df9d561091e78"
  integrity sha512-Uz+dTXYzxXXbsFpM86Wh3dKCxrQqUcVMxwU54orwlJjOpO3ao8L7j5lH+dWfTwgCwIuM9GQ2kvVotzYJMXTBZg==

url@^0.11.0:
  version "0.11.0"
  resolved "https://registry.yarnpkg.com/url/-/url-0.11.0.tgz#3838e97cfc60521eb73c525a8e55bfdd9e2e28f1"
  integrity sha512-kbailJa29QrtXnxgq+DdCEGlbTeYM2eJUxsz6vjZavrCYPMIFHMKQmSKYAIuUK2i7hgPm28a8piX5NTUtM/LKQ==
  dependencies:
    punycode "1.3.2"
    querystring "0.2.0"

uuid@^9.0.0:
  version "9.0.0"
  resolved "https://registry.yarnpkg.com/uuid/-/uuid-9.0.0.tgz#592f550650024a38ceb0c562f2f6aa435761efb5"
  integrity sha512-MXcSTerfPa4uqyzStbRoTgt5XIe3x5+42+q1sDuy3R5MDk66URdLMOZe5aPX/SQd+kuYAh0FdP/pO28IkQyTeg==

vite@^4.0.0:
  version "4.0.0"
  resolved "https://registry.yarnpkg.com/vite/-/vite-4.0.0.tgz#b81b88349a06b2faaa53ae14cf96c942548e3454"
  integrity sha512-ynad+4kYs8Jcnn8J7SacS9vAbk7eMy0xWg6E7bAhS1s79TK+D7tVFGXVZ55S7RNLRROU1rxoKlvZ/qjaB41DGA==
  dependencies:
    esbuild "^0.16.3"
    postcss "^8.4.19"
    resolve "^1.22.1"
    rollup "^3.7.0"
  optionalDependencies:
    fsevents "~2.3.2"
